{
    "_readme": [
        "This file locks the dependencies of your project to a known state",
        "Read more about it at https://getcomposer.org/doc/01-basic-usage.md#composer-lock-the-lock-file",
        "This file is @generated automatically"
    ],
    "content-hash": "c77f349943b0aa4a431984fbc50057a7",
    "packages": [
        {
            "name": "intec/db-manager",
            "version": "dev-master",
            "source": {
                "type": "git",
                "url": "https://github.com/incluirtecnologia/PhpDbManager.git",
                "reference": "eca74a733af303dadd05a67b95e99d4b1a3313ba"
            },
            "dist": {
                "type": "zip",
                "url": "https://api.github.com/repos/incluirtecnologia/PhpDbManager/zipball/eca74a733af303dadd05a67b95e99d4b1a3313ba",
                "reference": "eca74a733af303dadd05a67b95e99d4b1a3313ba",
                "shasum": ""
            },
            "type": "library",
            "autoload": {
                "psr-4": {
                    "Intec\\DbManager\\": "src"
                }
            },
            "notification-url": "https://packagist.org/downloads/",
            "license": [
                "MIT"
            ],
            "authors": [
                {
                    "name": "Márcio Dias",
                    "email": "marciojr91@gmail.com"
                }
            ],
            "time": "2017-08-25 13:15:47"
        },
        {
            "name": "intec/session",
            "version": "dev-master",
            "source": {
                "type": "git",
                "url": "https://github.com/incluirtecnologia/PhpSession.git",
                "reference": "7e6f6f3f2d26596a18cde693cd4d435bb98b74f6"
            },
            "dist": {
                "type": "zip",
                "url": "https://api.github.com/repos/incluirtecnologia/PhpSession/zipball/7e6f6f3f2d26596a18cde693cd4d435bb98b74f6",
                "reference": "7e6f6f3f2d26596a18cde693cd4d435bb98b74f6",
                "shasum": ""
            },
            "type": "library",
            "autoload": {
                "psr-4": {
                    "Intec\\Session\\": "src"
                }
            },
            "notification-url": "https://packagist.org/downloads/",
            "license": [
                "MIT"
            ],
            "authors": [
                {
                    "name": "Márcio Dias",
                    "email": "marciojr91@gmail.com"
                }
            ],
            "time": "2017-08-25 13:10:35"
        },
        {
            "name": "intec/simple-router",
            "version": "dev-master",
            "source": {
                "type": "git",
                "url": "https://github.com/incluirtecnologia/SimpleRouter.git",
                "reference": "7bc349f679e18d9d7a8160c300dc7c304daceade"
            },
            "dist": {
                "type": "zip",
                "url": "https://api.github.com/repos/incluirtecnologia/SimpleRouter/zipball/7bc349f679e18d9d7a8160c300dc7c304daceade",
                "reference": "7bc349f679e18d9d7a8160c300dc7c304daceade",
                "shasum": ""
            },
            "require": {
                "php": ">=5.6.0"
            },
            "require-dev": {
                "phpunit/phpunit": "4.0.*"
            },
            "type": "library",
            "autoload": {
                "psr-4": {
                    "Intec\\Router\\": "src"
                }
            },
            "notification-url": "https://packagist.org/downloads/",
            "license": [
                "MIT"
            ],
            "authors": [
                {
                    "name": "Márcio Dias",
                    "email": "marciojr91@gmail.com"
                }
            ],
            "description": "A simple router for small php projects",
            "keywords": [
                "php",
                "small router"
            ],
            "time": "2017-08-24 14:41:06"
        }
    ],
    "packages-dev": [],
    "aliases": [],
    "minimum-stability": "dev",
    "stability-flags": {
        "intec/simple-router": 20,
        "intec/session": 20
    },
    "prefer-stable": false,
    "prefer-lowest": false,
    "platform": [],
    "platform-dev": []
}
